// !$*UTF8*$!
{
	archiveVersion = 1;
	classes = {
	};
	objectVersion = 46;
	objects = {

/* Begin PBXBuildFile section */
		7E5E75D5178ABAA000A488BD /* UIKit.framework in Frameworks */ = {isa = PBXBuildFile; fileRef = 7E5E75D4178ABAA000A488BD /* UIKit.framework */; };
		7E5E75D7178ABAA000A488BD /* Foundation.framework in Frameworks */ = {isa = PBXBuildFile; fileRef = 7E5E75D6178ABAA000A488BD /* Foundation.framework */; };
		7E5E75D9178ABAA000A488BD /* CoreGraphics.framework in Frameworks */ = {isa = PBXBuildFile; fileRef = 7E5E75D8178ABAA000A488BD /* CoreGraphics.framework */; };
		7E5E75DF178ABAA000A488BD /* InfoPlist.strings in Resources */ = {isa = PBXBuildFile; fileRef = 7E5E75DD178ABAA000A488BD /* InfoPlist.strings */; };
		7E5E75E1178ABAA000A488BD /* main.m in Sources */ = {isa = PBXBuildFile; fileRef = 7E5E75E0178ABAA000A488BD /* main.m */; };
		7E5E75E5178ABAA000A488BD /* AppDelegate.m in Sources */ = {isa = PBXBuildFile; fileRef = 7E5E75E4178ABAA000A488BD /* AppDelegate.m */; };
		7E5E75EE178ABAA000A488BD /* MainViewController.m in Sources */ = {isa = PBXBuildFile; fileRef = 7E5E75ED178ABAA000A488BD /* MainViewController.m */; };
		7E5E7606178AC20700A488BD /* QuartzCore.framework in Frameworks */ = {isa = PBXBuildFile; fileRef = 7E5E7605178AC20700A488BD /* QuartzCore.framework */; };
		7E5E7608178AC20D00A488BD /* CoreLocation.framework in Frameworks */ = {isa = PBXBuildFile; fileRef = 7E5E7607178AC20D00A488BD /* CoreLocation.framework */; };
		7E5E760A178AC21500A488BD /* SystemConfiguration.framework in Frameworks */ = {isa = PBXBuildFile; fileRef = 7E5E7609178AC21500A488BD /* SystemConfiguration.framework */; };
		7E5E760C178AC21B00A488BD /* MediaPlayer.framework in Frameworks */ = {isa = PBXBuildFile; fileRef = 7E5E760B178AC21B00A488BD /* MediaPlayer.framework */; };
		7E5E760E178AC22100A488BD /* CoreMotion.framework in Frameworks */ = {isa = PBXBuildFile; fileRef = 7E5E760D178AC22100A488BD /* CoreMotion.framework */; settings = {ATTRIBUTES = (Weak, ); }; };
		7E5E7611178AC22C00A488BD /* EventKit.framework in Frameworks */ = {isa = PBXBuildFile; fileRef = 7E5E760F178AC22C00A488BD /* EventKit.framework */; settings = {ATTRIBUTES = (Weak, ); }; };
		7E5E7612178AC22C00A488BD /* EventKitUI.framework in Frameworks */ = {isa = PBXBuildFile; fileRef = 7E5E7610178AC22C00A488BD /* EventKitUI.framework */; settings = {ATTRIBUTES = (Weak, ); }; };
		7E5E7614178AC23100A488BD /* AdSupport.framework in Frameworks */ = {isa = PBXBuildFile; fileRef = 7E5E7613178AC23100A488BD /* AdSupport.framework */; settings = {ATTRIBUTES = (Weak, ); }; };
		7E70EF6419A3A008002A5357 /* Images.xcassets in Resources */ = {isa = PBXBuildFile; fileRef = 7E70EF6319A3A008002A5357 /* Images.xcassets */; };
		7E95FCF117D0DBC300538AA1 /* Main.storyboard in Resources */ = {isa = PBXBuildFile; fileRef = 7E95FCF017D0DBC300538AA1 /* Main.storyboard */; };
		7EAA44F017EB340A008E13F9 /* libSmartAdServer.a in Frameworks */ = {isa = PBXBuildFile; fileRef = 7EAA44ED17EB340A008E13F9 /* libSmartAdServer.a */; };
		7EAA44F117EB340A008E13F9 /* sas.bundle in Resources */ = {isa = PBXBuildFile; fileRef = 7EAA44EE17EB340A008E13F9 /* sas.bundle */; };
		7EBEDA9018D8AC2C00D85911 /* StoreKit.framework in Frameworks */ = {isa = PBXBuildFile; fileRef = 7EBEDA8F18D8AC2C00D85911 /* StoreKit.framework */; };
/* End PBXBuildFile section */

/* Begin PBXFileReference section */
		7E5E75D1178ABAA000A488BD /* TableViewSample.app */ = {isa = PBXFileReference; explicitFileType = wrapper.application; includeInIndex = 0; path = TableViewSample.app; sourceTree = BUILT_PRODUCTS_DIR; };
		7E5E75D4178ABAA000A488BD /* UIKit.framework */ = {isa = PBXFileReference; lastKnownFileType = wrapper.framework; name = UIKit.framework; path = System/Library/Frameworks/UIKit.framework; sourceTree = SDKROOT; };
		7E5E75D6178ABAA000A488BD /* Foundation.framework */ = {isa = PBXFileReference; lastKnownFileType = wrapper.framework; name = Foundation.framework; path = System/Library/Frameworks/Foundation.framework; sourceTree = SDKROOT; };
		7E5E75D8178ABAA000A488BD /* CoreGraphics.framework */ = {isa = PBXFileReference; lastKnownFileType = wrapper.framework; name = CoreGraphics.framework; path = System/Library/Frameworks/CoreGraphics.framework; sourceTree = SDKROOT; };
		7E5E75DC178ABAA000A488BD /* TableViewSample-Info.plist */ = {isa = PBXFileReference; lastKnownFileType = text.plist.xml; path = "TableViewSample-Info.plist"; sourceTree = "<group>"; };
		7E5E75DE178ABAA000A488BD /* en */ = {isa = PBXFileReference; lastKnownFileType = text.plist.strings; name = en; path = en.lproj/InfoPlist.strings; sourceTree = "<group>"; };
		7E5E75E0178ABAA000A488BD /* main.m */ = {isa = PBXFileReference; lastKnownFileType = sourcecode.c.objc; path = main.m; sourceTree = "<group>"; };
		7E5E75E2178ABAA000A488BD /* TableViewSample-Prefix.pch */ = {isa = PBXFileReference; lastKnownFileType = sourcecode.c.h; path = "TableViewSample-Prefix.pch"; sourceTree = "<group>"; };
		7E5E75E3178ABAA000A488BD /* AppDelegate.h */ = {isa = PBXFileReference; lastKnownFileType = sourcecode.c.h; path = AppDelegate.h; sourceTree = "<group>"; };
		7E5E75E4178ABAA000A488BD /* AppDelegate.m */ = {isa = PBXFileReference; lastKnownFileType = sourcecode.c.objc; path = AppDelegate.m; sourceTree = "<group>"; };
		7E5E75EC178ABAA000A488BD /* MainViewController.h */ = {isa = PBXFileReference; lastKnownFileType = sourcecode.c.h; path = MainViewController.h; sourceTree = "<group>"; };
		7E5E75ED178ABAA000A488BD /* MainViewController.m */ = {isa = PBXFileReference; lastKnownFileType = sourcecode.c.objc; path = MainViewController.m; sourceTree = "<group>"; };
		7E5E7605178AC20700A488BD /* QuartzCore.framework */ = {isa = PBXFileReference; lastKnownFileType = wrapper.framework; name = QuartzCore.framework; path = System/Library/Frameworks/QuartzCore.framework; sourceTree = SDKROOT; };
		7E5E7607178AC20D00A488BD /* CoreLocation.framework */ = {isa = PBXFileReference; lastKnownFileType = wrapper.framework; name = CoreLocation.framework; path = System/Library/Frameworks/CoreLocation.framework; sourceTree = SDKROOT; };
		7E5E7609178AC21500A488BD /* SystemConfiguration.framework */ = {isa = PBXFileReference; lastKnownFileType = wrapper.framework; name = SystemConfiguration.framework; path = System/Library/Frameworks/SystemConfiguration.framework; sourceTree = SDKROOT; };
		7E5E760B178AC21B00A488BD /* MediaPlayer.framework */ = {isa = PBXFileReference; lastKnownFileType = wrapper.framework; name = MediaPlayer.framework; path = System/Library/Frameworks/MediaPlayer.framework; sourceTree = SDKROOT; };
		7E5E760D178AC22100A488BD /* CoreMotion.framework */ = {isa = PBXFileReference; lastKnownFileType = wrapper.framework; name = CoreMotion.framework; path = System/Library/Frameworks/CoreMotion.framework; sourceTree = SDKROOT; };
		7E5E760F178AC22C00A488BD /* EventKit.framework */ = {isa = PBXFileReference; lastKnownFileType = wrapper.framework; name = EventKit.framework; path = System/Library/Frameworks/EventKit.framework; sourceTree = SDKROOT; };
		7E5E7610178AC22C00A488BD /* EventKitUI.framework */ = {isa = PBXFileReference; lastKnownFileType = wrapper.framework; name = EventKitUI.framework; path = System/Library/Frameworks/EventKitUI.framework; sourceTree = SDKROOT; };
		7E5E7613178AC23100A488BD /* AdSupport.framework */ = {isa = PBXFileReference; lastKnownFileType = wrapper.framework; name = AdSupport.framework; path = System/Library/Frameworks/AdSupport.framework; sourceTree = SDKROOT; };
		7E70EF6319A3A008002A5357 /* Images.xcassets */ = {isa = PBXFileReference; lastKnownFileType = folder.assetcatalog; path = Images.xcassets; sourceTree = "<group>"; };
		7E95FCF017D0DBC300538AA1 /* Main.storyboard */ = {isa = PBXFileReference; fileEncoding = 4; lastKnownFileType = file.storyboard; path = Main.storyboard; sourceTree = "<group>"; };
		7EAA44E517EB340A008E13F9 /* SASAdView.h */ = {isa = PBXFileReference; fileEncoding = 4; lastKnownFileType = sourcecode.c.h; path = SASAdView.h; sourceTree = "<group>"; };
		7EAA44E617EB340A008E13F9 /* SASAdViewDelegate.h */ = {isa = PBXFileReference; fileEncoding = 4; lastKnownFileType = sourcecode.c.h; path = SASAdViewDelegate.h; sourceTree = "<group>"; };
		7EAA44E717EB340A008E13F9 /* SASBannerView.h */ = {isa = PBXFileReference; fileEncoding = 4; lastKnownFileType = sourcecode.c.h; path = SASBannerView.h; sourceTree = "<group>"; };
		7EAA44E817EB340A008E13F9 /* SASInterstitialView.h */ = {isa = PBXFileReference; fileEncoding = 4; lastKnownFileType = sourcecode.c.h; path = SASInterstitialView.h; sourceTree = "<group>"; };
		7EAA44E917EB340A008E13F9 /* SmartAdServerAd.h */ = {isa = PBXFileReference; fileEncoding = 4; lastKnownFileType = sourcecode.c.h; path = SmartAdServerAd.h; sourceTree = "<group>"; };
		7EAA44ED17EB340A008E13F9 /* libSmartAdServer.a */ = {isa = PBXFileReference; lastKnownFileType = archive.ar; path = libSmartAdServer.a; sourceTree = "<group>"; };
		7EAA44EE17EB340A008E13F9 /* sas.bundle */ = {isa = PBXFileReference; lastKnownFileType = "wrapper.plug-in"; path = sas.bundle; sourceTree = "<group>"; };
		7EBEDA8F18D8AC2C00D85911 /* StoreKit.framework */ = {isa = PBXFileReference; lastKnownFileType = wrapper.framework; name = StoreKit.framework; path = System/Library/Frameworks/StoreKit.framework; sourceTree = SDKROOT; };
		8F4294A619C73800000FA47F /* SASAd.h */ = {isa = PBXFileReference; fileEncoding = 4; lastKnownFileType = sourcecode.c.h; path = SASAd.h; sourceTree = "<group>"; };
/* End PBXFileReference section */

/* Begin PBXFrameworksBuildPhase section */
		7E5E75CE178ABAA000A488BD /* Frameworks */ = {
			isa = PBXFrameworksBuildPhase;
			buildActionMask = 2147483647;
			files = (
				7EBEDA9018D8AC2C00D85911 /* StoreKit.framework in Frameworks */,
				7E5E7614178AC23100A488BD /* AdSupport.framework in Frameworks */,
				7E5E7611178AC22C00A488BD /* EventKit.framework in Frameworks */,
				7E5E7612178AC22C00A488BD /* EventKitUI.framework in Frameworks */,
				7E5E760E178AC22100A488BD /* CoreMotion.framework in Frameworks */,
				7EAA44F017EB340A008E13F9 /* libSmartAdServer.a in Frameworks */,
				7E5E760C178AC21B00A488BD /* MediaPlayer.framework in Frameworks */,
				7E5E760A178AC21500A488BD /* SystemConfiguration.framework in Frameworks */,
				7E5E7608178AC20D00A488BD /* CoreLocation.framework in Frameworks */,
				7E5E7606178AC20700A488BD /* QuartzCore.framework in Frameworks */,
				7E5E75D9178ABAA000A488BD /* CoreGraphics.framework in Frameworks */,
				7E5E75D5178ABAA000A488BD /* UIKit.framework in Frameworks */,
				7E5E75D7178ABAA000A488BD /* Foundation.framework in Frameworks */,
			);
			runOnlyForDeploymentPostprocessing = 0;
		};
/* End PBXFrameworksBuildPhase section */

/* Begin PBXGroup section */
		7E5E75C8178ABAA000A488BD = {
			isa = PBXGroup;
			children = (
				7E5E75DA178ABAA000A488BD /* TableViewSample */,
				7E5E75D3178ABAA000A488BD /* Frameworks */,
				7E5E75D2178ABAA000A488BD /* Products */,
			);
			sourceTree = "<group>";
		};
		7E5E75D2178ABAA000A488BD /* Products */ = {
			isa = PBXGroup;
			children = (
				7E5E75D1178ABAA000A488BD /* TableViewSample.app */,
			);
			name = Products;
			sourceTree = "<group>";
		};
		7E5E75D3178ABAA000A488BD /* Frameworks */ = {
			isa = PBXGroup;
			children = (
				7EBEDA8F18D8AC2C00D85911 /* StoreKit.framework */,
				7E5E7613178AC23100A488BD /* AdSupport.framework */,
				7E5E760F178AC22C00A488BD /* EventKit.framework */,
				7E5E7610178AC22C00A488BD /* EventKitUI.framework */,
				7E5E760D178AC22100A488BD /* CoreMotion.framework */,
				7E5E760B178AC21B00A488BD /* MediaPlayer.framework */,
				7E5E7609178AC21500A488BD /* SystemConfiguration.framework */,
				7E5E7607178AC20D00A488BD /* CoreLocation.framework */,
				7E5E7605178AC20700A488BD /* QuartzCore.framework */,
				7E5E75D4178ABAA000A488BD /* UIKit.framework */,
				7E5E75D6178ABAA000A488BD /* Foundation.framework */,
				7E5E75D8178ABAA000A488BD /* CoreGraphics.framework */,
			);
			name = Frameworks;
			sourceTree = "<group>";
		};
		7E5E75DA178ABAA000A488BD /* TableViewSample */ = {
			isa = PBXGroup;
			children = (
				7EAA44E317EB340A008E13F9 /* sdk */,
				7E5E75E3178ABAA000A488BD /* AppDelegate.h */,
				7E5E75E4178ABAA000A488BD /* AppDelegate.m */,
				7E5E75EC178ABAA000A488BD /* MainViewController.h */,
				7E5E75ED178ABAA000A488BD /* MainViewController.m */,
				7E95FCF017D0DBC300538AA1 /* Main.storyboard */,
				7E70EF6319A3A008002A5357 /* Images.xcassets */,
				7E5E75DB178ABAA000A488BD /* Supporting Files */,
			);
			path = TableViewSample;
			sourceTree = "<group>";
		};
		7E5E75DB178ABAA000A488BD /* Supporting Files */ = {
			isa = PBXGroup;
			children = (
				7E5E75DC178ABAA000A488BD /* TableViewSample-Info.plist */,
				7E5E75DD178ABAA000A488BD /* InfoPlist.strings */,
				7E5E75E0178ABAA000A488BD /* main.m */,
				7E5E75E2178ABAA000A488BD /* TableViewSample-Prefix.pch */,
			);
			name = "Supporting Files";
			sourceTree = "<group>";
		};
		7EAA44E317EB340A008E13F9 /* sdk */ = {
			isa = PBXGroup;
			children = (
				7EAA44E417EB340A008E13F9 /* headers */,
				7EAA44ED17EB340A008E13F9 /* libSmartAdServer.a */,
				7EAA44EE17EB340A008E13F9 /* sas.bundle */,
			);
			name = sdk;
			path = ../../../sdk;
			sourceTree = "<group>";
		};
		7EAA44E417EB340A008E13F9 /* headers */ = {
			isa = PBXGroup;
			children = (
				8F4294A619C73800000FA47F /* SASAd.h */,
				7EAA44E517EB340A008E13F9 /* SASAdView.h */,
				7EAA44E617EB340A008E13F9 /* SASAdViewDelegate.h */,
				7EAA44E717EB340A008E13F9 /* SASBannerView.h */,
				7EAA44E817EB340A008E13F9 /* SASInterstitialView.h */,
				7EAA44E917EB340A008E13F9 /* SmartAdServerAd.h */,
			);
			path = headers;
			sourceTree = "<group>";
		};
/* End PBXGroup section */

/* Begin PBXNativeTarget section */
		7E5E75D0178ABAA000A488BD /* TableViewSample */ = {
			isa = PBXNativeTarget;
			buildConfigurationList = 7E5E75F4178ABAA000A488BD /* Build configuration list for PBXNativeTarget "TableViewSample" */;
			buildPhases = (
				7E5E75CD178ABAA000A488BD /* Sources */,
				7E5E75CE178ABAA000A488BD /* Frameworks */,
				7E5E75CF178ABAA000A488BD /* Resources */,
			);
			buildRules = (
			);
			dependencies = (
			);
			name = TableViewSample;
			productName = TableViewSample;
			productReference = 7E5E75D1178ABAA000A488BD /* TableViewSample.app */;
			productType = "com.apple.product-type.application";
		};
/* End PBXNativeTarget section */

/* Begin PBXProject section */
		7E5E75C9178ABAA000A488BD /* Project object */ = {
			isa = PBXProject;
			attributes = {
				LastUpgradeCheck = 0600;
				ORGANIZATIONNAME = "Smart AdServer";
			};
			buildConfigurationList = 7E5E75CC178ABAA000A488BD /* Build configuration list for PBXProject "TableViewSample" */;
			compatibilityVersion = "Xcode 3.2";
			developmentRegion = English;
			hasScannedForEncodings = 0;
			knownRegions = (
				en,
			);
			mainGroup = 7E5E75C8178ABAA000A488BD;
			productRefGroup = 7E5E75D2178ABAA000A488BD /* Products */;
			projectDirPath = "";
			projectRoot = "";
			targets = (
				7E5E75D0178ABAA000A488BD /* TableViewSample */,
			);
		};
/* End PBXProject section */

/* Begin PBXResourcesBuildPhase section */
		7E5E75CF178ABAA000A488BD /* Resources */ = {
			isa = PBXResourcesBuildPhase;
			buildActionMask = 2147483647;
			files = (
				7E70EF6419A3A008002A5357 /* Images.xcassets in Resources */,
				7E5E75DF178ABAA000A488BD /* InfoPlist.strings in Resources */,
				7E95FCF117D0DBC300538AA1 /* Main.storyboard in Resources */,
				7EAA44F117EB340A008E13F9 /* sas.bundle in Resources */,
			);
			runOnlyForDeploymentPostprocessing = 0;
		};
/* End PBXResourcesBuildPhase section */

/* Begin PBXSourcesBuildPhase section */
		7E5E75CD178ABAA000A488BD /* Sources */ = {
			isa = PBXSourcesBuildPhase;
			buildActionMask = 2147483647;
			files = (
				7E5E75E1178ABAA000A488BD /* main.m in Sources */,
				7E5E75E5178ABAA000A488BD /* AppDelegate.m in Sources */,
				7E5E75EE178ABAA000A488BD /* MainViewController.m in Sources */,
			);
			runOnlyForDeploymentPostprocessing = 0;
		};
/* End PBXSourcesBuildPhase section */

/* Begin PBXVariantGroup section */
		7E5E75DD178ABAA000A488BD /* InfoPlist.strings */ = {
			isa = PBXVariantGroup;
			children = (
				7E5E75DE178ABAA000A488BD /* en */,
			);
			name = InfoPlist.strings;
			sourceTree = "<group>";
		};
/* End PBXVariantGroup section */

/* Begin XCBuildConfiguration section */
		7E5E75F2178ABAA000A488BD /* Debug */ = {
			isa = XCBuildConfiguration;
			buildSettings = {
				ALWAYS_SEARCH_USER_PATHS = NO;
				CLANG_CXX_LANGUAGE_STANDARD = "gnu++0x";
				CLANG_CXX_LIBRARY = "libc++";
				CLANG_WARN_CONSTANT_CONVERSION = YES;
				CLANG_WARN_EMPTY_BODY = YES;
				CLANG_WARN_ENUM_CONVERSION = YES;
				CLANG_WARN_INT_CONVERSION = YES;
				CLANG_WARN__DUPLICATE_METHOD_MATCH = YES;
				"CODE_SIGN_IDENTITY[sdk=iphoneos*]" = "iPhone Developer";
				COPY_PHASE_STRIP = NO;
				GCC_C_LANGUAGE_STANDARD = gnu99;
				GCC_DYNAMIC_NO_PIC = NO;
				GCC_OPTIMIZATION_LEVEL = 0;
				GCC_PREPROCESSOR_DEFINITIONS = (
					"DEBUG=1",
					"$(inherited)",
				);
				GCC_SYMBOLS_PRIVATE_EXTERN = NO;
				GCC_WARN_ABOUT_RETURN_TYPE = YES;
				GCC_WARN_UNINITIALIZED_AUTOS = YES;
				GCC_WARN_UNUSED_VARIABLE = YES;
				IPHONEOS_DEPLOYMENT_TARGET = 6.0;
				ONLY_ACTIVE_ARCH = YES;
				SDKROOT = iphoneos;
			};
			name = Debug;
		};
		7E5E75F3178ABAA000A488BD /* Release */ = {
			isa = XCBuildConfiguration;
			buildSettings = {
				ALWAYS_SEARCH_USER_PATHS = NO;
				CLANG_CXX_LANGUAGE_STANDARD = "gnu++0x";
				CLANG_CXX_LIBRARY = "libc++";
				CLANG_WARN_CONSTANT_CONVERSION = YES;
				CLANG_WARN_EMPTY_BODY = YES;
				CLANG_WARN_ENUM_CONVERSION = YES;
				CLANG_WARN_INT_CONVERSION = YES;
				CLANG_WARN__DUPLICATE_METHOD_MATCH = YES;
				"CODE_SIGN_IDENTITY[sdk=iphoneos*]" = "iPhone Developer";
				COPY_PHASE_STRIP = YES;
				GCC_C_LANGUAGE_STANDARD = gnu99;
				GCC_WARN_ABOUT_RETURN_TYPE = YES;
				GCC_WARN_UNINITIALIZED_AUTOS = YES;
				GCC_WARN_UNUSED_VARIABLE = YES;
				IPHONEOS_DEPLOYMENT_TARGET = 6.0;
				OTHER_CFLAGS = "-DNS_BLOCK_ASSERTIONS=1";
				SDKROOT = iphoneos;
				VALIDATE_PRODUCT = YES;
			};
			name = Release;
		};
		7E5E75F5178ABAA000A488BD /* Debug */ = {
			isa = XCBuildConfiguration;
			buildSettings = {
				ASSETCATALOG_COMPILER_APPICON_NAME = AppIcon;
				ASSETCATALOG_COMPILER_LAUNCHIMAGE_NAME = LaunchImage;
				GCC_PRECOMPILE_PREFIX_HEADER = YES;
				GCC_PREFIX_HEADER = "TableViewSample/TableViewSample-Prefix.pch";
				INFOPLIST_FILE = "TableViewSample/TableViewSample-Info.plist";
				LIBRARY_SEARCH_PATHS = (
					"$(inherited)",
					"$(SRCROOT)/../../sdk",
				);
				PRODUCT_NAME = TableViewSample;
				TARGETED_DEVICE_FAMILY = "1,2";
				WRAPPER_EXTENSION = app;
			};
			name = Debug;
		};
		7E5E75F6178ABAA000A488BD /* Release */ = {
			isa = XCBuildConfiguration;
			buildSettings = {
				ASSETCATALOG_COMPILER_APPICON_NAME = AppIcon;
				ASSETCATALOG_COMPILER_LAUNCHIMAGE_NAME = LaunchImage;
				GCC_PRECOMPILE_PREFIX_HEADER = YES;
				GCC_PREFIX_HEADER = "TableViewSample/TableViewSample-Prefix.pch";
				INFOPLIST_FILE = "TableViewSample/TableViewSample-Info.plist";
				LIBRARY_SEARCH_PATHS = (
					"$(inherited)",
					"$(SRCROOT)/../../sdk",
				);
				PRODUCT_NAME = TableViewSample;
				TARGETED_DEVICE_FAMILY = "1,2";
				WRAPPER_EXTENSION = app;
			};
			name = Release;
		};
/* End XCBuildConfiguration section */

/* Begin XCConfigurationList section */
		7E5E75CC178ABAA000A488BD /* Build configuration list for PBXProject "TableViewSample" */ = {
			isa = XCConfigurationList;
			buildConfigurations = (
				7E5E75F2178ABAA000A488BD /* Debug */,
				7E5E75F3178ABAA000A488BD /* Release */,
			);
			defaultConfigurationIsVisible = 0;
			defaultConfigurationName = Release;
		};
		7E5E75F4178ABAA000A488BD /* Build configuration list for PBXNativeTarget "TableViewSample" */ = {
			isa = XCConfigurationList;
			buildConfigurations = (
				7E5E75F5178ABAA000A488BD /* Debug */,
				7E5E75F6178ABAA000A488BD /* Release */,
			);
			defaultConfigurationIsVisible = 0;
			defaultConfigurationName = Release;
		};
/* End XCConfigurationList section */
	};
	rootObject = 7E5E75C9178ABAA000A488BD /* Project object */;
}
